
Microsoft Visual Studio Solution File, Format Version 12.00
# Visual Studio Version 17
VisualStudioVersion = 17.14.36414.22
MinimumVisualStudioVersion = 10.0.40219.1
Project("{2150E333-8FDC-42A3-9474-1A3956D46DE8}") = "src", "src", "{827E0CD3-B72D-47B6-A68D-7590B98EB39B}"
EndProject
Project("{FAE04EC0-301F-11D3-BF4B-00C04F79EFBC}") = "EventHub.Domain", "src\EventHub.Domain\EventHub.Domain.csproj", "{CE02B550-BDB3-4743-8D42-E87D0CEC8618}"
EndProject
Project("{FAE04EC0-301F-11D3-BF4B-00C04F79EFBC}") = "EventHub.Application", "src\EventHub.Application\EventHub.Application.csproj", "{F49C0011-DAA4-4BC9-984C-5FCBD9B45D26}"
EndProject
Project("{FAE04EC0-301F-11D3-BF4B-00C04F79EFBC}") = "EventHub.Infrastructure", "src\EventHub.Infrastructure\EventHub.Infrastructure.csproj", "{903F6D2C-6E42-4FBD-A65D-9ECEEC02F263}"
EndProject
Project("{FAE04EC0-301F-11D3-BF4B-00C04F79EFBC}") = "EventHub.Server", "src\EventHub.Server\EventHub.Server.csproj", "{E79C7B36-91C0-483D-AA94-24793C9F2903}"
EndProject
Project("{FAE04EC0-301F-11D3-BF4B-00C04F79EFBC}") = "EventHub.Web", "src\EventHub.Web\EventHub.Web.csproj", "{012C40A3-AC1F-40C4-B773-5AA1EE7A0A98}"
EndProject
Project("{FAE04EC0-301F-11D3-BF4B-00C04F79EFBC}") = "EventHub.Host", "src\EventHub.Host\EventHub.Host.csproj", "{288622A3-78C0-4A40-8F71-57DBA6F23B9C}"
EndProject
Project("{FAE04EC0-301F-11D3-BF4B-00C04F79EFBC}") = "EventHub.Display", "src\EventHub.Display\EventHub.Display.csproj", "{AB424D3B-91A8-4747-A2C1-3D74D31F5A8F}"
EndProject
Project("{FAE04EC0-301F-11D3-BF4B-00C04F79EFBC}") = "EventHub.Domain.Tests", "tests\EventHub.Domain.Tests\EventHub.Domain.Tests.csproj", "{6CC5C9BD-57F4-4106-BB4D-A80F7464CD86}"
EndProject
Project("{FAE04EC0-301F-11D3-BF4B-00C04F79EFBC}") = "EventHub.Application.Tests", "tests\EventHub.Application.Tests\EventHub.Application.Tests.csproj", "{B8345A40-C2D5-45FF-A68A-3CE83B5E161D}"
EndProject
Project("{2150E333-8FDC-42A3-9474-1A3956D46DE8}") = "tests", "tests", "{0AB3BF05-4346-4AA6-1389-037BE0695223}"
EndProject
Project("{FAE04EC0-301F-11D3-BF4B-00C04F79EFBC}") = "EventHub.Infrastructure.Tests", "tests\EventHub.Infrastructure.Tests\EventHub.Infrastructure.Tests.csproj", "{E6F71D8C-5591-4195-B567-5CFA5026DAC0}"
EndProject
Project("{FAE04EC0-301F-11D3-BF4B-00C04F79EFBC}") = "EventHub.Host.Tests", "tests\EventHub.Host.Tests\EventHub.Host.Tests.csproj", "{C4C55B98-37BB-412F-A3E3-C1685D63BE8C}"
EndProject
Global
	GlobalSection(SolutionConfigurationPlatforms) = preSolution
		Debug|Any CPU = Debug|Any CPU
		Debug|x64 = Debug|x64
		Debug|x86 = Debug|x86
		Release|Any CPU = Release|Any CPU
		Release|x64 = Release|x64
		Release|x86 = Release|x86
	EndGlobalSection
	GlobalSection(ProjectConfigurationPlatforms) = postSolution
		{CE02B550-BDB3-4743-8D42-E87D0CEC8618}.Debug|Any CPU.ActiveCfg = Debug|Any CPU
		{CE02B550-BDB3-4743-8D42-E87D0CEC8618}.Debug|Any CPU.Build.0 = Debug|Any CPU
		{CE02B550-BDB3-4743-8D42-E87D0CEC8618}.Debug|x64.ActiveCfg = Debug|Any CPU
		{CE02B550-BDB3-4743-8D42-E87D0CEC8618}.Debug|x64.Build.0 = Debug|Any CPU
		{CE02B550-BDB3-4743-8D42-E87D0CEC8618}.Debug|x86.ActiveCfg = Debug|Any CPU
		{CE02B550-BDB3-4743-8D42-E87D0CEC8618}.Debug|x86.Build.0 = Debug|Any CPU
		{CE02B550-BDB3-4743-8D42-E87D0CEC8618}.Release|Any CPU.ActiveCfg = Release|Any CPU
		{CE02B550-BDB3-4743-8D42-E87D0CEC8618}.Release|Any CPU.Build.0 = Release|Any CPU
		{CE02B550-BDB3-4743-8D42-E87D0CEC8618}.Release|x64.ActiveCfg = Release|Any CPU
		{CE02B550-BDB3-4743-8D42-E87D0CEC8618}.Release|x64.Build.0 = Release|Any CPU
		{CE02B550-BDB3-4743-8D42-E87D0CEC8618}.Release|x86.ActiveCfg = Release|Any CPU
		{CE02B550-BDB3-4743-8D42-E87D0CEC8618}.Release|x86.Build.0 = Release|Any CPU
		{F49C0011-DAA4-4BC9-984C-5FCBD9B45D26}.Debug|Any CPU.ActiveCfg = Debug|Any CPU
		{F49C0011-DAA4-4BC9-984C-5FCBD9B45D26}.Debug|Any CPU.Build.0 = Debug|Any CPU
		{F49C0011-DAA4-4BC9-984C-5FCBD9B45D26}.Debug|x64.ActiveCfg = Debug|Any CPU
		{F49C0011-DAA4-4BC9-984C-5FCBD9B45D26}.Debug|x64.Build.0 = Debug|Any CPU
		{F49C0011-DAA4-4BC9-984C-5FCBD9B45D26}.Debug|x86.ActiveCfg = Debug|Any CPU
		{F49C0011-DAA4-4BC9-984C-5FCBD9B45D26}.Debug|x86.Build.0 = Debug|Any CPU
		{F49C0011-DAA4-4BC9-984C-5FCBD9B45D26}.Release|Any CPU.ActiveCfg = Release|Any CPU
		{F49C0011-DAA4-4BC9-984C-5FCBD9B45D26}.Release|Any CPU.Build.0 = Release|Any CPU
		{F49C0011-DAA4-4BC9-984C-5FCBD9B45D26}.Release|x64.ActiveCfg = Release|Any CPU
		{F49C0011-DAA4-4BC9-984C-5FCBD9B45D26}.Release|x64.Build.0 = Release|Any CPU
		{F49C0011-DAA4-4BC9-984C-5FCBD9B45D26}.Release|x86.ActiveCfg = Release|Any CPU
		{F49C0011-DAA4-4BC9-984C-5FCBD9B45D26}.Release|x86.Build.0 = Release|Any CPU
		{903F6D2C-6E42-4FBD-A65D-9ECEEC02F263}.Debug|Any CPU.ActiveCfg = Debug|Any CPU
		{903F6D2C-6E42-4FBD-A65D-9ECEEC02F263}.Debug|Any CPU.Build.0 = Debug|Any CPU
		{903F6D2C-6E42-4FBD-A65D-9ECEEC02F263}.Debug|x64.ActiveCfg = Debug|Any CPU
		{903F6D2C-6E42-4FBD-A65D-9ECEEC02F263}.Debug|x64.Build.0 = Debug|Any CPU
		{903F6D2C-6E42-4FBD-A65D-9ECEEC02F263}.Debug|x86.ActiveCfg = Debug|Any CPU
		{903F6D2C-6E42-4FBD-A65D-9ECEEC02F263}.Debug|x86.Build.0 = Debug|Any CPU
		{903F6D2C-6E42-4FBD-A65D-9ECEEC02F263}.Release|Any CPU.ActiveCfg = Release|Any CPU
		{903F6D2C-6E42-4FBD-A65D-9ECEEC02F263}.Release|Any CPU.Build.0 = Release|Any CPU
		{903F6D2C-6E42-4FBD-A65D-9ECEEC02F263}.Release|x64.ActiveCfg = Release|Any CPU
		{903F6D2C-6E42-4FBD-A65D-9ECEEC02F263}.Release|x64.Build.0 = Release|Any CPU
		{903F6D2C-6E42-4FBD-A65D-9ECEEC02F263}.Release|x86.ActiveCfg = Release|Any CPU
		{903F6D2C-6E42-4FBD-A65D-9ECEEC02F263}.Release|x86.Build.0 = Release|Any CPU
		{E79C7B36-91C0-483D-AA94-24793C9F2903}.Debug|Any CPU.ActiveCfg = Debug|Any CPU
		{E79C7B36-91C0-483D-AA94-24793C9F2903}.Debug|Any CPU.Build.0 = Debug|Any CPU
		{E79C7B36-91C0-483D-AA94-24793C9F2903}.Debug|x64.ActiveCfg = Debug|Any CPU
		{E79C7B36-91C0-483D-AA94-24793C9F2903}.Debug|x64.Build.0 = Debug|Any CPU
		{E79C7B36-91C0-483D-AA94-24793C9F2903}.Debug|x86.ActiveCfg = Debug|Any CPU
		{E79C7B36-91C0-483D-AA94-24793C9F2903}.Debug|x86.Build.0 = Debug|Any CPU
		{E79C7B36-91C0-483D-AA94-24793C9F2903}.Release|Any CPU.ActiveCfg = Release|Any CPU
		{E79C7B36-91C0-483D-AA94-24793C9F2903}.Release|Any CPU.Build.0 = Release|Any CPU
		{E79C7B36-91C0-483D-AA94-24793C9F2903}.Release|x64.ActiveCfg = Release|Any CPU
		{E79C7B36-91C0-483D-AA94-24793C9F2903}.Release|x64.Build.0 = Release|Any CPU
		{E79C7B36-91C0-483D-AA94-24793C9F2903}.Release|x86.ActiveCfg = Release|Any CPU
		{E79C7B36-91C0-483D-AA94-24793C9F2903}.Release|x86.Build.0 = Release|Any CPU
		{012C40A3-AC1F-40C4-B773-5AA1EE7A0A98}.Debug|Any CPU.ActiveCfg = Debug|Any CPU
		{012C40A3-AC1F-40C4-B773-5AA1EE7A0A98}.Debug|Any CPU.Build.0 = Debug|Any CPU
		{012C40A3-AC1F-40C4-B773-5AA1EE7A0A98}.Debug|x64.ActiveCfg = Debug|Any CPU
		{012C40A3-AC1F-40C4-B773-5AA1EE7A0A98}.Debug|x64.Build.0 = Debug|Any CPU
		{012C40A3-AC1F-40C4-B773-5AA1EE7A0A98}.Debug|x86.ActiveCfg = Debug|Any CPU
		{012C40A3-AC1F-40C4-B773-5AA1EE7A0A98}.Debug|x86.Build.0 = Debug|Any CPU
		{012C40A3-AC1F-40C4-B773-5AA1EE7A0A98}.Release|Any CPU.ActiveCfg = Release|Any CPU
		{012C40A3-AC1F-40C4-B773-5AA1EE7A0A98}.Release|Any CPU.Build.0 = Release|Any CPU
		{012C40A3-AC1F-40C4-B773-5AA1EE7A0A98}.Release|x64.ActiveCfg = Release|Any CPU
		{012C40A3-AC1F-40C4-B773-5AA1EE7A0A98}.Release|x64.Build.0 = Release|Any CPU
		{012C40A3-AC1F-40C4-B773-5AA1EE7A0A98}.Release|x86.ActiveCfg = Release|Any CPU
		{012C40A3-AC1F-40C4-B773-5AA1EE7A0A98}.Release|x86.Build.0 = Release|Any CPU
		{288622A3-78C0-4A40-8F71-57DBA6F23B9C}.Debug|Any CPU.ActiveCfg = Debug|Any CPU
		{288622A3-78C0-4A40-8F71-57DBA6F23B9C}.Debug|Any CPU.Build.0 = Debug|Any CPU
		{288622A3-78C0-4A40-8F71-57DBA6F23B9C}.Debug|x64.ActiveCfg = Debug|Any CPU
		{288622A3-78C0-4A40-8F71-57DBA6F23B9C}.Debug|x64.Build.0 = Debug|Any CPU
		{288622A3-78C0-4A40-8F71-57DBA6F23B9C}.Debug|x86.ActiveCfg = Debug|Any CPU
		{288622A3-78C0-4A40-8F71-57DBA6F23B9C}.Debug|x86.Build.0 = Debug|Any CPU
		{288622A3-78C0-4A40-8F71-57DBA6F23B9C}.Release|Any CPU.ActiveCfg = Release|Any CPU
		{288622A3-78C0-4A40-8F71-57DBA6F23B9C}.Release|Any CPU.Build.0 = Release|Any CPU
		{288622A3-78C0-4A40-8F71-57DBA6F23B9C}.Release|x64.ActiveCfg = Release|Any CPU
		{288622A3-78C0-4A40-8F71-57DBA6F23B9C}.Release|x64.Build.0 = Release|Any CPU
		{288622A3-78C0-4A40-8F71-57DBA6F23B9C}.Release|x86.ActiveCfg = Release|Any CPU
		{288622A3-78C0-4A40-8F71-57DBA6F23B9C}.Release|x86.Build.0 = Release|Any CPU
		{AB424D3B-91A8-4747-A2C1-3D74D31F5A8F}.Debug|Any CPU.ActiveCfg = Debug|Any CPU
		{AB424D3B-91A8-4747-A2C1-3D74D31F5A8F}.Debug|Any CPU.Build.0 = Debug|Any CPU
		{AB424D3B-91A8-4747-A2C1-3D74D31F5A8F}.Debug|x64.ActiveCfg = Debug|Any CPU
		{AB424D3B-91A8-4747-A2C1-3D74D31F5A8F}.Debug|x64.Build.0 = Debug|Any CPU
		{AB424D3B-91A8-4747-A2C1-3D74D31F5A8F}.Debug|x86.ActiveCfg = Debug|Any CPU
		{AB424D3B-91A8-4747-A2C1-3D74D31F5A8F}.Debug|x86.Build.0 = Debug|Any CPU
		{AB424D3B-91A8-4747-A2C1-3D74D31F5A8F}.Release|Any CPU.ActiveCfg = Release|Any CPU
		{AB424D3B-91A8-4747-A2C1-3D74D31F5A8F}.Release|Any CPU.Build.0 = Release|Any CPU
		{AB424D3B-91A8-4747-A2C1-3D74D31F5A8F}.Release|x64.ActiveCfg = Release|Any CPU
		{AB424D3B-91A8-4747-A2C1-3D74D31F5A8F}.Release|x64.Build.0 = Release|Any CPU
		{AB424D3B-91A8-4747-A2C1-3D74D31F5A8F}.Release|x86.ActiveCfg = Release|Any CPU
		{AB424D3B-91A8-4747-A2C1-3D74D31F5A8F}.Release|x86.Build.0 = Release|Any CPU
		{6CC5C9BD-57F4-4106-BB4D-A80F7464CD86}.Debug|Any CPU.ActiveCfg = Debug|Any CPU
		{6CC5C9BD-57F4-4106-BB4D-A80F7464CD86}.Debug|Any CPU.Build.0 = Debug|Any CPU
		{6CC5C9BD-57F4-4106-BB4D-A80F7464CD86}.Debug|x64.ActiveCfg = Debug|Any CPU
		{6CC5C9BD-57F4-4106-BB4D-A80F7464CD86}.Debug|x64.Build.0 = Debug|Any CPU
		{6CC5C9BD-57F4-4106-BB4D-A80F7464CD86}.Debug|x86.ActiveCfg = Debug|Any CPU
		{6CC5C9BD-57F4-4106-BB4D-A80F7464CD86}.Debug|x86.Build.0 = Debug|Any CPU
		{6CC5C9BD-57F4-4106-BB4D-A80F7464CD86}.Release|Any CPU.ActiveCfg = Release|Any CPU
		{6CC5C9BD-57F4-4106-BB4D-A80F7464CD86}.Release|Any CPU.Build.0 = Release|Any CPU
		{6CC5C9BD-57F4-4106-BB4D-A80F7464CD86}.Release|x64.ActiveCfg = Release|Any CPU
		{6CC5C9BD-57F4-4106-BB4D-A80F7464CD86}.Release|x64.Build.0 = Release|Any CPU
		{6CC5C9BD-57F4-4106-BB4D-A80F7464CD86}.Release|x86.ActiveCfg = Release|Any CPU
		{6CC5C9BD-57F4-4106-BB4D-A80F7464CD86}.Release|x86.Build.0 = Release|Any CPU
		{B8345A40-C2D5-45FF-A68A-3CE83B5E161D}.Debug|Any CPU.ActiveCfg = Debug|Any CPU
		{B8345A40-C2D5-45FF-A68A-3CE83B5E161D}.Debug|Any CPU.Build.0 = Debug|Any CPU
		{B8345A40-C2D5-45FF-A68A-3CE83B5E161D}.Debug|x64.ActiveCfg = Debug|Any CPU
		{B8345A40-C2D5-45FF-A68A-3CE83B5E161D}.Debug|x64.Build.0 = Debug|Any CPU
		{B8345A40-C2D5-45FF-A68A-3CE83B5E161D}.Debug|x86.ActiveCfg = Debug|Any CPU
		{B8345A40-C2D5-45FF-A68A-3CE83B5E161D}.Debug|x86.Build.0 = Debug|Any CPU
		{B8345A40-C2D5-45FF-A68A-3CE83B5E161D}.Release|Any CPU.ActiveCfg = Release|Any CPU
		{B8345A40-C2D5-45FF-A68A-3CE83B5E161D}.Release|Any CPU.Build.0 = Release|Any CPU
		{B8345A40-C2D5-45FF-A68A-3CE83B5E161D}.Release|x64.ActiveCfg = Release|Any CPU
		{B8345A40-C2D5-45FF-A68A-3CE83B5E161D}.Release|x64.Build.0 = Release|Any CPU
		{B8345A40-C2D5-45FF-A68A-3CE83B5E161D}.Release|x86.ActiveCfg = Release|Any CPU
		{B8345A40-C2D5-45FF-A68A-3CE83B5E161D}.Release|x86.Build.0 = Release|Any CPU
		{E6F71D8C-5591-4195-B567-5CFA5026DAC0}.Debug|Any CPU.ActiveCfg = Debug|Any CPU
		{E6F71D8C-5591-4195-B567-5CFA5026DAC0}.Debug|Any CPU.Build.0 = Debug|Any CPU
		{E6F71D8C-5591-4195-B567-5CFA5026DAC0}.Debug|x64.ActiveCfg = Debug|Any CPU
		{E6F71D8C-5591-4195-B567-5CFA5026DAC0}.Debug|x64.Build.0 = Debug|Any CPU
		{E6F71D8C-5591-4195-B567-5CFA5026DAC0}.Debug|x86.ActiveCfg = Debug|Any CPU
		{E6F71D8C-5591-4195-B567-5CFA5026DAC0}.Debug|x86.Build.0 = Debug|Any CPU
		{E6F71D8C-5591-4195-B567-5CFA5026DAC0}.Release|Any CPU.ActiveCfg = Release|Any CPU
		{E6F71D8C-5591-4195-B567-5CFA5026DAC0}.Release|Any CPU.Build.0 = Release|Any CPU
		{E6F71D8C-5591-4195-B567-5CFA5026DAC0}.Release|x64.ActiveCfg = Release|Any CPU
		{E6F71D8C-5591-4195-B567-5CFA5026DAC0}.Release|x64.Build.0 = Release|Any CPU
		{E6F71D8C-5591-4195-B567-5CFA5026DAC0}.Release|x86.ActiveCfg = Release|Any CPU
		{E6F71D8C-5591-4195-B567-5CFA5026DAC0}.Release|x86.Build.0 = Release|Any CPU
		{C4C55B98-37BB-412F-A3E3-C1685D63BE8C}.Debug|Any CPU.ActiveCfg = Debug|Any CPU
		{C4C55B98-37BB-412F-A3E3-C1685D63BE8C}.Debug|Any CPU.Build.0 = Debug|Any CPU
		{C4C55B98-37BB-412F-A3E3-C1685D63BE8C}.Debug|x64.ActiveCfg = Debug|Any CPU
		{C4C55B98-37BB-412F-A3E3-C1685D63BE8C}.Debug|x64.Build.0 = Debug|Any CPU
		{C4C55B98-37BB-412F-A3E3-C1685D63BE8C}.Debug|x86.ActiveCfg = Debug|Any CPU
		{C4C55B98-37BB-412F-A3E3-C1685D63BE8C}.Debug|x86.Build.0 = Debug|Any CPU
		{C4C55B98-37BB-412F-A3E3-C1685D63BE8C}.Release|Any CPU.ActiveCfg = Release|Any CPU
		{C4C55B98-37BB-412F-A3E3-C1685D63BE8C}.Release|Any CPU.Build.0 = Release|Any CPU
		{C4C55B98-37BB-412F-A3E3-C1685D63BE8C}.Release|x64.ActiveCfg = Release|Any CPU
		{C4C55B98-37BB-412F-A3E3-C1685D63BE8C}.Release|x64.Build.0 = Release|Any CPU
		{C4C55B98-37BB-412F-A3E3-C1685D63BE8C}.Release|x86.ActiveCfg = Release|Any CPU
		{C4C55B98-37BB-412F-A3E3-C1685D63BE8C}.Release|x86.Build.0 = Release|Any CPU
	EndGlobalSection
	GlobalSection(SolutionProperties) = preSolution
		HideSolutionNode = FALSE
	EndGlobalSection
	GlobalSection(NestedProjects) = preSolution
		{CE02B550-BDB3-4743-8D42-E87D0CEC8618} = {827E0CD3-B72D-47B6-A68D-7590B98EB39B}
		{F49C0011-DAA4-4BC9-984C-5FCBD9B45D26} = {827E0CD3-B72D-47B6-A68D-7590B98EB39B}
		{903F6D2C-6E42-4FBD-A65D-9ECEEC02F263} = {827E0CD3-B72D-47B6-A68D-7590B98EB39B}
		{E79C7B36-91C0-483D-AA94-24793C9F2903} = {827E0CD3-B72D-47B6-A68D-7590B98EB39B}
		{012C40A3-AC1F-40C4-B773-5AA1EE7A0A98} = {827E0CD3-B72D-47B6-A68D-7590B98EB39B}
		{288622A3-78C0-4A40-8F71-57DBA6F23B9C} = {827E0CD3-B72D-47B6-A68D-7590B98EB39B}
		{AB424D3B-91A8-4747-A2C1-3D74D31F5A8F} = {827E0CD3-B72D-47B6-A68D-7590B98EB39B}
		{6CC5C9BD-57F4-4106-BB4D-A80F7464CD86} = {827E0CD3-B72D-47B6-A68D-7590B98EB39B}
		{B8345A40-C2D5-45FF-A68A-3CE83B5E161D} = {827E0CD3-B72D-47B6-A68D-7590B98EB39B}
		{E6F71D8C-5591-4195-B567-5CFA5026DAC0} = {0AB3BF05-4346-4AA6-1389-037BE0695223}
		{C4C55B98-37BB-412F-A3E3-C1685D63BE8C} = {0AB3BF05-4346-4AA6-1389-037BE0695223}
	EndGlobalSection
	GlobalSection(ExtensibilityGlobals) = postSolution
		SolutionGuid = {2CD434C0-50E8-4F2C-835F-C6F7CFB79E25}
	EndGlobalSection
EndGlobal
